
Microsoft Visual Studio Solution File, Format Version 12.00
# Visual Studio Version 17
VisualStudioVersion = 17.7.34024.191
MinimumVisualStudioVersion = 10.0.40219.1
Project("{2150E333-8FDC-42A3-9474-1A3956D46DE8}") = "Backend", "Backend", "{40C3968A-1B07-4088-B987-5E12ADF560FD}"
EndProject
Project("{2150E333-8FDC-42A3-9474-1A3956D46DE8}") = "Frontend", "Frontend", "{A47B5BDC-080A-4CD9-9890-38FA4CD42EBD}"
EndProject
Project("{2150E333-8FDC-42A3-9474-1A3956D46DE8}") = "Core", "Core", "{055DD4DA-853F-496B-8BD7-F78E068626CB}"
EndProject
Project("{2150E333-8FDC-42A3-9474-1A3956D46DE8}") = "Infrastructure", "Infrastructure", "{401AD044-A2F5-4017-943F-6C3EC5DC32BD}"
EndProject
Project("{2150E333-8FDC-42A3-9474-1A3956D46DE8}") = "Presentation", "Presentation", "{F6605AC7-D1B8-4C64-ADED-92F37B60953B}"
EndProject
Project("{9A19103F-16F7-4668-BE54-9A1E7A4F7556}") = "ServerWebApplication", "ServerWebApplication\ServerWebApplication.csproj", "{06FA8282-FBE7-4395-B573-22309BEF2BE8}"
EndProject
Project("{2150E333-8FDC-42A3-9474-1A3956D46DE8}") = "Domain", "Domain", "{9B97BD31-F600-4D3B-8159-AB22D0FCC5C9}"
EndProject
Project("{9A19103F-16F7-4668-BE54-9A1E7A4F7556}") = "Models", "Models\Models.csproj", "{16A1B0EF-8001-4E8D-9E8C-3D7B81E189EC}"
EndProject
Project("{2150E333-8FDC-42A3-9474-1A3956D46DE8}") = "Application", "Application", "{70F2458C-FD00-4634-B9A3-714450783031}"
EndProject
Project("{9A19103F-16F7-4668-BE54-9A1E7A4F7556}") = "Repositories", "Repositories\Repositories.csproj", "{A065F937-0B58-4BF5-8A09-9D9001BDC7C9}"
EndProject
Project("{9A19103F-16F7-4668-BE54-9A1E7A4F7556}") = "Services", "Services\Services.csproj", "{042125A2-BEDE-4CEA-A83F-D95E9CA54181}"
EndProject
Project("{9A19103F-16F7-4668-BE54-9A1E7A4F7556}") = "DataTransferObjects", "Dtos\DataTransferObjects.csproj", "{BE61440E-B190-434D-AF23-29033F9520DB}"
EndProject
Project("{2150E333-8FDC-42A3-9474-1A3956D46DE8}") = "MauiApp", "MauiApp", "{AEF6C229-D895-4CBF-BF03-6CD9670BDB32}"
EndProject
Project("{2150E333-8FDC-42A3-9474-1A3956D46DE8}") = "Presentation", "Presentation", "{16F0B103-13F5-450D-A77D-1988D285D6A0}"
EndProject
Project("{FAE04EC0-301F-11D3-BF4B-00C04F79EFBC}") = "MauiApp", "MauiApp\MauiApp.csproj", "{7456858B-8767-4E0F-A5F6-F23BF2D11AC0}"
EndProject
Project("{2150E333-8FDC-42A3-9474-1A3956D46DE8}") = "WebApp", "WebApp", "{970CA856-D3E7-411D-A2C9-DC2A43195D15}"
EndProject
Project("{2150E333-8FDC-42A3-9474-1A3956D46DE8}") = "Presentation", "Presentation", "{1CF8318D-CCC4-4E00-968E-7ED44122EBB6}"
EndProject
Project("{FAE04EC0-301F-11D3-BF4B-00C04F79EFBC}") = "WebApplication", "WebApplication\WebApplication.csproj", "{D585E4DE-3461-4FE0-9196-87ED4080C377}"
EndProject
Global
	GlobalSection(SolutionConfigurationPlatforms) = preSolution
		Debug|Any CPU = Debug|Any CPU
		Release|Any CPU = Release|Any CPU
	EndGlobalSection
	GlobalSection(ProjectConfigurationPlatforms) = postSolution
		{06FA8282-FBE7-4395-B573-22309BEF2BE8}.Debug|Any CPU.ActiveCfg = Debug|Any CPU
		{06FA8282-FBE7-4395-B573-22309BEF2BE8}.Debug|Any CPU.Build.0 = Debug|Any CPU
		{06FA8282-FBE7-4395-B573-22309BEF2BE8}.Release|Any CPU.ActiveCfg = Release|Any CPU
		{06FA8282-FBE7-4395-B573-22309BEF2BE8}.Release|Any CPU.Build.0 = Release|Any CPU
		{16A1B0EF-8001-4E8D-9E8C-3D7B81E189EC}.Debug|Any CPU.ActiveCfg = Debug|Any CPU
		{16A1B0EF-8001-4E8D-9E8C-3D7B81E189EC}.Debug|Any CPU.Build.0 = Debug|Any CPU
		{16A1B0EF-8001-4E8D-9E8C-3D7B81E189EC}.Release|Any CPU.ActiveCfg = Release|Any CPU
		{16A1B0EF-8001-4E8D-9E8C-3D7B81E189EC}.Release|Any CPU.Build.0 = Release|Any CPU
		{A065F937-0B58-4BF5-8A09-9D9001BDC7C9}.Debug|Any CPU.ActiveCfg = Debug|Any CPU
		{A065F937-0B58-4BF5-8A09-9D9001BDC7C9}.Debug|Any CPU.Build.0 = Debug|Any CPU
		{A065F937-0B58-4BF5-8A09-9D9001BDC7C9}.Release|Any CPU.ActiveCfg = Release|Any CPU
		{A065F937-0B58-4BF5-8A09-9D9001BDC7C9}.Release|Any CPU.Build.0 = Release|Any CPU
		{042125A2-BEDE-4CEA-A83F-D95E9CA54181}.Debug|Any CPU.ActiveCfg = Debug|Any CPU
		{042125A2-BEDE-4CEA-A83F-D95E9CA54181}.Debug|Any CPU.Build.0 = Debug|Any CPU
		{042125A2-BEDE-4CEA-A83F-D95E9CA54181}.Release|Any CPU.ActiveCfg = Release|Any CPU
		{042125A2-BEDE-4CEA-A83F-D95E9CA54181}.Release|Any CPU.Build.0 = Release|Any CPU
		{BE61440E-B190-434D-AF23-29033F9520DB}.Debug|Any CPU.ActiveCfg = Debug|Any CPU
		{BE61440E-B190-434D-AF23-29033F9520DB}.Debug|Any CPU.Build.0 = Debug|Any CPU
		{BE61440E-B190-434D-AF23-29033F9520DB}.Release|Any CPU.ActiveCfg = Release|Any CPU
		{BE61440E-B190-434D-AF23-29033F9520DB}.Release|Any CPU.Build.0 = Release|Any CPU
		{7456858B-8767-4E0F-A5F6-F23BF2D11AC0}.Debug|Any CPU.ActiveCfg = Debug|Any CPU
		{7456858B-8767-4E0F-A5F6-F23BF2D11AC0}.Debug|Any CPU.Build.0 = Debug|Any CPU
		{7456858B-8767-4E0F-A5F6-F23BF2D11AC0}.Debug|Any CPU.Deploy.0 = Debug|Any CPU
		{7456858B-8767-4E0F-A5F6-F23BF2D11AC0}.Release|Any CPU.ActiveCfg = Release|Any CPU
		{7456858B-8767-4E0F-A5F6-F23BF2D11AC0}.Release|Any CPU.Build.0 = Release|Any CPU
		{7456858B-8767-4E0F-A5F6-F23BF2D11AC0}.Release|Any CPU.Deploy.0 = Release|Any CPU
		{D585E4DE-3461-4FE0-9196-87ED4080C377}.Debug|Any CPU.ActiveCfg = Debug|Any CPU
		{D585E4DE-3461-4FE0-9196-87ED4080C377}.Debug|Any CPU.Build.0 = Debug|Any CPU
		{D585E4DE-3461-4FE0-9196-87ED4080C377}.Release|Any CPU.ActiveCfg = Release|Any CPU
		{D585E4DE-3461-4FE0-9196-87ED4080C377}.Release|Any CPU.Build.0 = Release|Any CPU
	EndGlobalSection
	GlobalSection(SolutionProperties) = preSolution
		HideSolutionNode = FALSE
	EndGlobalSection
	GlobalSection(NestedProjects) = preSolution
		{055DD4DA-853F-496B-8BD7-F78E068626CB} = {40C3968A-1B07-4088-B987-5E12ADF560FD}
		{401AD044-A2F5-4017-943F-6C3EC5DC32BD} = {40C3968A-1B07-4088-B987-5E12ADF560FD}
		{F6605AC7-D1B8-4C64-ADED-92F37B60953B} = {40C3968A-1B07-4088-B987-5E12ADF560FD}
		{06FA8282-FBE7-4395-B573-22309BEF2BE8} = {F6605AC7-D1B8-4C64-ADED-92F37B60953B}
		{9B97BD31-F600-4D3B-8159-AB22D0FCC5C9} = {055DD4DA-853F-496B-8BD7-F78E068626CB}
		{16A1B0EF-8001-4E8D-9E8C-3D7B81E189EC} = {9B97BD31-F600-4D3B-8159-AB22D0FCC5C9}
		{70F2458C-FD00-4634-B9A3-714450783031} = {055DD4DA-853F-496B-8BD7-F78E068626CB}
		{A065F937-0B58-4BF5-8A09-9D9001BDC7C9} = {401AD044-A2F5-4017-943F-6C3EC5DC32BD}
		{042125A2-BEDE-4CEA-A83F-D95E9CA54181} = {70F2458C-FD00-4634-B9A3-714450783031}
		{BE61440E-B190-434D-AF23-29033F9520DB} = {F6605AC7-D1B8-4C64-ADED-92F37B60953B}
		{AEF6C229-D895-4CBF-BF03-6CD9670BDB32} = {A47B5BDC-080A-4CD9-9890-38FA4CD42EBD}
		{16F0B103-13F5-450D-A77D-1988D285D6A0} = {AEF6C229-D895-4CBF-BF03-6CD9670BDB32}
		{7456858B-8767-4E0F-A5F6-F23BF2D11AC0} = {16F0B103-13F5-450D-A77D-1988D285D6A0}
		{970CA856-D3E7-411D-A2C9-DC2A43195D15} = {A47B5BDC-080A-4CD9-9890-38FA4CD42EBD}
		{1CF8318D-CCC4-4E00-968E-7ED44122EBB6} = {970CA856-D3E7-411D-A2C9-DC2A43195D15}
		{D585E4DE-3461-4FE0-9196-87ED4080C377} = {1CF8318D-CCC4-4E00-968E-7ED44122EBB6}
	EndGlobalSection
	GlobalSection(ExtensibilityGlobals) = postSolution
		SolutionGuid = {826DA984-AB34-4A96-9549-B7F6BED1FD17}
	EndGlobalSection
EndGlobal
