
Microsoft Visual Studio Solution File, Format Version 12.00
# Visual Studio Version 17
VisualStudioVersion = 17.7.34024.191
MinimumVisualStudioVersion = 10.0.40219.1
Project("{2150E333-8FDC-42A3-9474-1A3956D46DE8}") = "Backend", "Backend", "{40C3968A-1B07-4088-B987-5E12ADF560FD}"
EndProject
Project("{2150E333-8FDC-42A3-9474-1A3956D46DE8}") = "Frontend", "Frontend", "{A47B5BDC-080A-4CD9-9890-38FA4CD42EBD}"
EndProject
Project("{2150E333-8FDC-42A3-9474-1A3956D46DE8}") = "Core", "Core", "{055DD4DA-853F-496B-8BD7-F78E068626CB}"
EndProject
Project("{2150E333-8FDC-42A3-9474-1A3956D46DE8}") = "Infrastructure", "Infrastructure", "{401AD044-A2F5-4017-943F-6C3EC5DC32BD}"
EndProject
Project("{2150E333-8FDC-42A3-9474-1A3956D46DE8}") = "Presentation", "Presentation", "{F6605AC7-D1B8-4C64-ADED-92F37B60953B}"
EndProject
Project("{2150E333-8FDC-42A3-9474-1A3956D46DE8}") = "Domain", "Domain", "{9B97BD31-F600-4D3B-8159-AB22D0FCC5C9}"
EndProject
Project("{2150E333-8FDC-42A3-9474-1A3956D46DE8}") = "Application", "Application", "{70F2458C-FD00-4634-B9A3-714450783031}"
EndProject
Project("{2150E333-8FDC-42A3-9474-1A3956D46DE8}") = "MauiApp", "MauiApp", "{AEF6C229-D895-4CBF-BF03-6CD9670BDB32}"
EndProject
Project("{2150E333-8FDC-42A3-9474-1A3956D46DE8}") = "Presentation", "Presentation", "{16F0B103-13F5-450D-A77D-1988D285D6A0}"
EndProject
Project("{2150E333-8FDC-42A3-9474-1A3956D46DE8}") = "WebApp", "WebApp", "{970CA856-D3E7-411D-A2C9-DC2A43195D15}"
EndProject
Project("{2150E333-8FDC-42A3-9474-1A3956D46DE8}") = "Presentation", "Presentation", "{1CF8318D-CCC4-4E00-968E-7ED44122EBB6}"
EndProject
Project("{2150E333-8FDC-42A3-9474-1A3956D46DE8}") = "Infrastructure", "Infrastructure", "{3072F43A-4012-4C5F-BE75-366684F5B35F}"
EndProject
Project("{2150E333-8FDC-42A3-9474-1A3956D46DE8}") = "Core", "Core", "{D9582521-D5B4-41B1-8777-01AB98C50AB2}"
EndProject
Project("{2150E333-8FDC-42A3-9474-1A3956D46DE8}") = "Application", "Application", "{DC9253A3-AB69-43F7-8193-E176D04FC8D0}"
EndProject
Project("{2150E333-8FDC-42A3-9474-1A3956D46DE8}") = "Domain", "Domain", "{D4E7EE82-BCBD-48CC-8B5A-52BEA0ED3AC6}"
EndProject
Project("{9A19103F-16F7-4668-BE54-9A1E7A4F7556}") = "Interfaces", "Backend\Core\Application\Services\Interfaces.csproj", "{FC4BE6AB-3DB9-4AD4-818F-F3CCE2F32FD9}"
EndProject
Project("{9A19103F-16F7-4668-BE54-9A1E7A4F7556}") = "Models", "Backend\Core\Domain\Models\Models.csproj", "{4F5A2CEB-7E85-4BE1-AB43-B39069EA2CA8}"
EndProject
Project("{9A19103F-16F7-4668-BE54-9A1E7A4F7556}") = "Repositories", "Backend\Infrastructure\Repositories\Repositories.csproj", "{FB2DF58B-6A45-45DB-8A9E-E06D5006657F}"
EndProject
Project("{9A19103F-16F7-4668-BE54-9A1E7A4F7556}") = "DataTransferObjects", "Backend\Presentation\Dtos\DataTransferObjects.csproj", "{E305B207-064D-4A5C-96C7-E03D74F9EEEE}"
EndProject
Project("{9A19103F-16F7-4668-BE54-9A1E7A4F7556}") = "ServerWebApplication", "Backend\Presentation\ServerWebApplication\ServerWebApplication.csproj", "{F82874C8-6D33-4E4C-B711-399AFA6B363E}"
EndProject
Project("{9A19103F-16F7-4668-BE54-9A1E7A4F7556}") = "Interfaces", "Frontend\MauiApp\Core\Application\Interfaces\Interfaces.csproj", "{94F0A83A-73E3-4B75-8781-971528972999}"
EndProject
Project("{9A19103F-16F7-4668-BE54-9A1E7A4F7556}") = "Models", "Frontend\MauiApp\Core\Domain\Models\Models.csproj", "{03CE7037-5545-4314-8C8A-C4801354BCE2}"
EndProject
Project("{9A19103F-16F7-4668-BE54-9A1E7A4F7556}") = "Commands", "Frontend\MauiApp\Infrastructure\Commands\Commands.csproj", "{99A2CE2F-F8FD-48AC-A94B-5A2E45C19FBF}"
EndProject
Project("{9A19103F-16F7-4668-BE54-9A1E7A4F7556}") = "NavigationServices", "Frontend\MauiApp\Infrastructure\NavigationServices\NavigationServices.csproj", "{8B4B2D1A-1674-43FD-83B6-219D0AE06FC3}"
EndProject
Project("{9A19103F-16F7-4668-BE54-9A1E7A4F7556}") = "MyMauiApp", "Frontend\MauiApp\Presentation\MyMauiApp\MyMauiApp.csproj", "{8A0D2E30-157D-45E4-88CD-199D9D108883}"
EndProject
Project("{9A19103F-16F7-4668-BE54-9A1E7A4F7556}") = "MyWebApplication", "Frontend\WebApp\MyWebApplication\MyWebApplication.csproj", "{98D114DF-F67F-4244-8BFE-52FB38DC239C}"
EndProject
Project("{9A19103F-16F7-4668-BE54-9A1E7A4F7556}") = "Utils", "Frontend\MauiApp\Infrastructure\Utils\Utils.csproj", "{4C2F257B-82C3-4D8C-A070-5BE5B9FBFB84}"
EndProject
Project("{9A19103F-16F7-4668-BE54-9A1E7A4F7556}") = "QueryService", "Frontend\MauiApp\Infrastructure\QueryService\QueryService.csproj", "{88D15801-6970-4A60-9140-69F16544D825}"
EndProject
Project("{9A19103F-16F7-4668-BE54-9A1E7A4F7556}") = "DataManager", "Frontend\MauiApp\Infrastructure\DataManager\DataManager.csproj", "{9C8C02B0-FEF1-42E8-909B-35B8F781CF5B}"
EndProject
Global
	GlobalSection(SolutionConfigurationPlatforms) = preSolution
		Debug|Any CPU = Debug|Any CPU
		Release|Any CPU = Release|Any CPU
	EndGlobalSection
	GlobalSection(ProjectConfigurationPlatforms) = postSolution
		{FC4BE6AB-3DB9-4AD4-818F-F3CCE2F32FD9}.Debug|Any CPU.ActiveCfg = Debug|Any CPU
		{FC4BE6AB-3DB9-4AD4-818F-F3CCE2F32FD9}.Debug|Any CPU.Build.0 = Debug|Any CPU
		{FC4BE6AB-3DB9-4AD4-818F-F3CCE2F32FD9}.Release|Any CPU.ActiveCfg = Release|Any CPU
		{FC4BE6AB-3DB9-4AD4-818F-F3CCE2F32FD9}.Release|Any CPU.Build.0 = Release|Any CPU
		{4F5A2CEB-7E85-4BE1-AB43-B39069EA2CA8}.Debug|Any CPU.ActiveCfg = Debug|Any CPU
		{4F5A2CEB-7E85-4BE1-AB43-B39069EA2CA8}.Debug|Any CPU.Build.0 = Debug|Any CPU
		{4F5A2CEB-7E85-4BE1-AB43-B39069EA2CA8}.Release|Any CPU.ActiveCfg = Release|Any CPU
		{4F5A2CEB-7E85-4BE1-AB43-B39069EA2CA8}.Release|Any CPU.Build.0 = Release|Any CPU
		{FB2DF58B-6A45-45DB-8A9E-E06D5006657F}.Debug|Any CPU.ActiveCfg = Debug|Any CPU
		{FB2DF58B-6A45-45DB-8A9E-E06D5006657F}.Debug|Any CPU.Build.0 = Debug|Any CPU
		{FB2DF58B-6A45-45DB-8A9E-E06D5006657F}.Release|Any CPU.ActiveCfg = Release|Any CPU
		{FB2DF58B-6A45-45DB-8A9E-E06D5006657F}.Release|Any CPU.Build.0 = Release|Any CPU
		{E305B207-064D-4A5C-96C7-E03D74F9EEEE}.Debug|Any CPU.ActiveCfg = Debug|Any CPU
		{E305B207-064D-4A5C-96C7-E03D74F9EEEE}.Debug|Any CPU.Build.0 = Debug|Any CPU
		{E305B207-064D-4A5C-96C7-E03D74F9EEEE}.Release|Any CPU.ActiveCfg = Release|Any CPU
		{E305B207-064D-4A5C-96C7-E03D74F9EEEE}.Release|Any CPU.Build.0 = Release|Any CPU
		{F82874C8-6D33-4E4C-B711-399AFA6B363E}.Debug|Any CPU.ActiveCfg = Debug|Any CPU
		{F82874C8-6D33-4E4C-B711-399AFA6B363E}.Debug|Any CPU.Build.0 = Debug|Any CPU
		{F82874C8-6D33-4E4C-B711-399AFA6B363E}.Release|Any CPU.ActiveCfg = Release|Any CPU
		{F82874C8-6D33-4E4C-B711-399AFA6B363E}.Release|Any CPU.Build.0 = Release|Any CPU
		{94F0A83A-73E3-4B75-8781-971528972999}.Debug|Any CPU.ActiveCfg = Debug|Any CPU
		{94F0A83A-73E3-4B75-8781-971528972999}.Debug|Any CPU.Build.0 = Debug|Any CPU
		{94F0A83A-73E3-4B75-8781-971528972999}.Release|Any CPU.ActiveCfg = Release|Any CPU
		{94F0A83A-73E3-4B75-8781-971528972999}.Release|Any CPU.Build.0 = Release|Any CPU
		{03CE7037-5545-4314-8C8A-C4801354BCE2}.Debug|Any CPU.ActiveCfg = Debug|Any CPU
		{03CE7037-5545-4314-8C8A-C4801354BCE2}.Debug|Any CPU.Build.0 = Debug|Any CPU
		{03CE7037-5545-4314-8C8A-C4801354BCE2}.Release|Any CPU.ActiveCfg = Release|Any CPU
		{03CE7037-5545-4314-8C8A-C4801354BCE2}.Release|Any CPU.Build.0 = Release|Any CPU
		{99A2CE2F-F8FD-48AC-A94B-5A2E45C19FBF}.Debug|Any CPU.ActiveCfg = Debug|Any CPU
		{99A2CE2F-F8FD-48AC-A94B-5A2E45C19FBF}.Debug|Any CPU.Build.0 = Debug|Any CPU
		{99A2CE2F-F8FD-48AC-A94B-5A2E45C19FBF}.Release|Any CPU.ActiveCfg = Release|Any CPU
		{99A2CE2F-F8FD-48AC-A94B-5A2E45C19FBF}.Release|Any CPU.Build.0 = Release|Any CPU
		{8B4B2D1A-1674-43FD-83B6-219D0AE06FC3}.Debug|Any CPU.ActiveCfg = Debug|Any CPU
		{8B4B2D1A-1674-43FD-83B6-219D0AE06FC3}.Debug|Any CPU.Build.0 = Debug|Any CPU
		{8B4B2D1A-1674-43FD-83B6-219D0AE06FC3}.Release|Any CPU.ActiveCfg = Release|Any CPU
		{8B4B2D1A-1674-43FD-83B6-219D0AE06FC3}.Release|Any CPU.Build.0 = Release|Any CPU
		{8A0D2E30-157D-45E4-88CD-199D9D108883}.Debug|Any CPU.ActiveCfg = Debug|Any CPU
		{8A0D2E30-157D-45E4-88CD-199D9D108883}.Debug|Any CPU.Build.0 = Debug|Any CPU
		{8A0D2E30-157D-45E4-88CD-199D9D108883}.Debug|Any CPU.Deploy.0 = Debug|Any CPU
		{8A0D2E30-157D-45E4-88CD-199D9D108883}.Release|Any CPU.ActiveCfg = Release|Any CPU
		{8A0D2E30-157D-45E4-88CD-199D9D108883}.Release|Any CPU.Build.0 = Release|Any CPU
		{8A0D2E30-157D-45E4-88CD-199D9D108883}.Release|Any CPU.Deploy.0 = Release|Any CPU
		{98D114DF-F67F-4244-8BFE-52FB38DC239C}.Debug|Any CPU.ActiveCfg = Debug|Any CPU
		{98D114DF-F67F-4244-8BFE-52FB38DC239C}.Debug|Any CPU.Build.0 = Debug|Any CPU
		{98D114DF-F67F-4244-8BFE-52FB38DC239C}.Release|Any CPU.ActiveCfg = Release|Any CPU
		{98D114DF-F67F-4244-8BFE-52FB38DC239C}.Release|Any CPU.Build.0 = Release|Any CPU
		{4C2F257B-82C3-4D8C-A070-5BE5B9FBFB84}.Debug|Any CPU.ActiveCfg = Debug|Any CPU
		{4C2F257B-82C3-4D8C-A070-5BE5B9FBFB84}.Debug|Any CPU.Build.0 = Debug|Any CPU
		{4C2F257B-82C3-4D8C-A070-5BE5B9FBFB84}.Release|Any CPU.ActiveCfg = Release|Any CPU
		{4C2F257B-82C3-4D8C-A070-5BE5B9FBFB84}.Release|Any CPU.Build.0 = Release|Any CPU
		{88D15801-6970-4A60-9140-69F16544D825}.Debug|Any CPU.ActiveCfg = Debug|Any CPU
		{88D15801-6970-4A60-9140-69F16544D825}.Debug|Any CPU.Build.0 = Debug|Any CPU
		{88D15801-6970-4A60-9140-69F16544D825}.Release|Any CPU.ActiveCfg = Release|Any CPU
		{88D15801-6970-4A60-9140-69F16544D825}.Release|Any CPU.Build.0 = Release|Any CPU
		{9C8C02B0-FEF1-42E8-909B-35B8F781CF5B}.Debug|Any CPU.ActiveCfg = Debug|Any CPU
		{9C8C02B0-FEF1-42E8-909B-35B8F781CF5B}.Debug|Any CPU.Build.0 = Debug|Any CPU
		{9C8C02B0-FEF1-42E8-909B-35B8F781CF5B}.Release|Any CPU.ActiveCfg = Release|Any CPU
		{9C8C02B0-FEF1-42E8-909B-35B8F781CF5B}.Release|Any CPU.Build.0 = Release|Any CPU
	EndGlobalSection
	GlobalSection(SolutionProperties) = preSolution
		HideSolutionNode = FALSE
	EndGlobalSection
	GlobalSection(NestedProjects) = preSolution
		{055DD4DA-853F-496B-8BD7-F78E068626CB} = {40C3968A-1B07-4088-B987-5E12ADF560FD}
		{401AD044-A2F5-4017-943F-6C3EC5DC32BD} = {40C3968A-1B07-4088-B987-5E12ADF560FD}
		{F6605AC7-D1B8-4C64-ADED-92F37B60953B} = {40C3968A-1B07-4088-B987-5E12ADF560FD}
		{9B97BD31-F600-4D3B-8159-AB22D0FCC5C9} = {055DD4DA-853F-496B-8BD7-F78E068626CB}
		{70F2458C-FD00-4634-B9A3-714450783031} = {055DD4DA-853F-496B-8BD7-F78E068626CB}
		{AEF6C229-D895-4CBF-BF03-6CD9670BDB32} = {A47B5BDC-080A-4CD9-9890-38FA4CD42EBD}
		{16F0B103-13F5-450D-A77D-1988D285D6A0} = {AEF6C229-D895-4CBF-BF03-6CD9670BDB32}
		{970CA856-D3E7-411D-A2C9-DC2A43195D15} = {A47B5BDC-080A-4CD9-9890-38FA4CD42EBD}
		{1CF8318D-CCC4-4E00-968E-7ED44122EBB6} = {970CA856-D3E7-411D-A2C9-DC2A43195D15}
		{3072F43A-4012-4C5F-BE75-366684F5B35F} = {AEF6C229-D895-4CBF-BF03-6CD9670BDB32}
		{D9582521-D5B4-41B1-8777-01AB98C50AB2} = {AEF6C229-D895-4CBF-BF03-6CD9670BDB32}
		{DC9253A3-AB69-43F7-8193-E176D04FC8D0} = {D9582521-D5B4-41B1-8777-01AB98C50AB2}
		{D4E7EE82-BCBD-48CC-8B5A-52BEA0ED3AC6} = {D9582521-D5B4-41B1-8777-01AB98C50AB2}
		{FC4BE6AB-3DB9-4AD4-818F-F3CCE2F32FD9} = {70F2458C-FD00-4634-B9A3-714450783031}
		{4F5A2CEB-7E85-4BE1-AB43-B39069EA2CA8} = {9B97BD31-F600-4D3B-8159-AB22D0FCC5C9}
		{FB2DF58B-6A45-45DB-8A9E-E06D5006657F} = {401AD044-A2F5-4017-943F-6C3EC5DC32BD}
		{E305B207-064D-4A5C-96C7-E03D74F9EEEE} = {F6605AC7-D1B8-4C64-ADED-92F37B60953B}
		{F82874C8-6D33-4E4C-B711-399AFA6B363E} = {F6605AC7-D1B8-4C64-ADED-92F37B60953B}
		{94F0A83A-73E3-4B75-8781-971528972999} = {DC9253A3-AB69-43F7-8193-E176D04FC8D0}
		{03CE7037-5545-4314-8C8A-C4801354BCE2} = {D4E7EE82-BCBD-48CC-8B5A-52BEA0ED3AC6}
		{99A2CE2F-F8FD-48AC-A94B-5A2E45C19FBF} = {3072F43A-4012-4C5F-BE75-366684F5B35F}
		{8B4B2D1A-1674-43FD-83B6-219D0AE06FC3} = {3072F43A-4012-4C5F-BE75-366684F5B35F}
		{8A0D2E30-157D-45E4-88CD-199D9D108883} = {16F0B103-13F5-450D-A77D-1988D285D6A0}
		{98D114DF-F67F-4244-8BFE-52FB38DC239C} = {1CF8318D-CCC4-4E00-968E-7ED44122EBB6}
		{4C2F257B-82C3-4D8C-A070-5BE5B9FBFB84} = {3072F43A-4012-4C5F-BE75-366684F5B35F}
		{88D15801-6970-4A60-9140-69F16544D825} = {3072F43A-4012-4C5F-BE75-366684F5B35F}
		{9C8C02B0-FEF1-42E8-909B-35B8F781CF5B} = {3072F43A-4012-4C5F-BE75-366684F5B35F}
	EndGlobalSection
	GlobalSection(ExtensibilityGlobals) = postSolution
		SolutionGuid = {826DA984-AB34-4A96-9549-B7F6BED1FD17}
	EndGlobalSection
EndGlobal
